
Microsoft Visual Studio Solution File, Format Version 12.00
# Visual Studio Version 17
VisualStudioVersion = 17.9.34723.18
MinimumVisualStudioVersion = 10.0.40219.1
Project("{9A19103F-16F7-4668-BE54-9A1E7A4F7556}") = "ReturnManagementSystem", "ReturnManagementSystem\ReturnManagementSystem.csproj", "{0FA07714-6B2B-40A4-8BD3-D03B100DAFC4}"
EndProject
Project("{FAE04EC0-301F-11D3-BF4B-00C04F79EFBC}") = "ReturnManagementSystemTest", "ReturnManagementSystemTest\ReturnManagementSystemTest.csproj", "{D91F2BFF-B2B3-47FD-A49C-69CFA89C2997}"
EndProject
Global
	GlobalSection(SolutionConfigurationPlatforms) = preSolution
		Debug|Any CPU = Debug|Any CPU
		Release|Any CPU = Release|Any CPU
	EndGlobalSection
	GlobalSection(ProjectConfigurationPlatforms) = postSolution
		{0FA07714-6B2B-40A4-8BD3-D03B100DAFC4}.Debug|Any CPU.ActiveCfg = Debug|Any CPU
		{0FA07714-6B2B-40A4-8BD3-D03B100DAFC4}.Debug|Any CPU.Build.0 = Debug|Any CPU
		{0FA07714-6B2B-40A4-8BD3-D03B100DAFC4}.Release|Any CPU.ActiveCfg = Release|Any CPU
		{0FA07714-6B2B-40A4-8BD3-D03B100DAFC4}.Release|Any CPU.Build.0 = Release|Any CPU
		{D91F2BFF-B2B3-47FD-A49C-69CFA89C2997}.Debug|Any CPU.ActiveCfg = Debug|Any CPU
		{D91F2BFF-B2B3-47FD-A49C-69CFA89C2997}.Debug|Any CPU.Build.0 = Debug|Any CPU
		{D91F2BFF-B2B3-47FD-A49C-69CFA89C2997}.Release|Any CPU.ActiveCfg = Release|Any CPU
		{D91F2BFF-B2B3-47FD-A49C-69CFA89C2997}.Release|Any CPU.Build.0 = Release|Any CPU
	EndGlobalSection
	GlobalSection(SolutionProperties) = preSolution
		HideSolutionNode = FALSE
	EndGlobalSection
	GlobalSection(ExtensibilityGlobals) = postSolution
		SolutionGuid = {DC3360A7-430B-42A5-8E11-B06C2EEFB494}
	EndGlobalSection
EndGlobal
